
Microsoft Visual Studio Solution File, Format Version 12.00
# Visual Studio Version 17
VisualStudioVersion = 17.13.35919.96 d17.13
MinimumVisualStudioVersion = 10.0.40219.1
Project("{FAE04EC0-301F-11D3-BF4B-00C04F79EFBC}") = "Desafio01.01", "Desafio01.01\Desafio01.01.csproj", "{BFA3D87C-D7F1-4F59-9439-E6CDA98E5BC5}"
EndProject
Global
	GlobalSection(SolutionConfigurationPlatforms) = preSolution
		Debug|Any CPU = Debug|Any CPU
		Release|Any CPU = Release|Any CPU
	EndGlobalSection
	GlobalSection(ProjectConfigurationPlatforms) = postSolution
		{BFA3D87C-D7F1-4F59-9439-E6CDA98E5BC5}.Debug|Any CPU.ActiveCfg = Debug|Any CPU
		{BFA3D87C-D7F1-4F59-9439-E6CDA98E5BC5}.Debug|Any CPU.Build.0 = Debug|Any CPU
		{BFA3D87C-D7F1-4F59-9439-E6CDA98E5BC5}.Release|Any CPU.ActiveCfg = Release|Any CPU
		{BFA3D87C-D7F1-4F59-9439-E6CDA98E5BC5}.Release|Any CPU.Build.0 = Release|Any CPU
	EndGlobalSection
	GlobalSection(SolutionProperties) = preSolution
		HideSolutionNode = FALSE
	EndGlobalSection
	GlobalSection(ExtensibilityGlobals) = postSolution
		SolutionGuid = {45FC43A8-1520-43C3-BA17-7F5955E861FF}
	EndGlobalSection
EndGlobal
